{
  "name": "codesungrab",
  "version": "3.0.1",
  "lockfileVersion": 3,
  "requires": true,
  "packages": {
    "": {
      "name": "codesungrab",
      "version": "3.0.1",
      "hasInstallScript": true,
      "license": "SEE LICENSE IN LICENSE",
      "dependencies": {
        "codesungrab": "^3.0.1"
      },
      "bin": {
        "codesungrab": "cli.js",
        "sungrab": "cli.js"
      }
    },
    "node_modules/codesungrab": {
      "version": "3.0.1",
      "resolved": "https://registry.npmjs.org/codesungrab/-/codesungrab-3.0.1.tgz",
      "integrity": "sha512-YabykeRDusfpbb0wv5nW1SJvjBZyFnJ6c1PS7tWCtyFfwZHlgiBl1Xac0sScCsRO6+GWdoTsO+/ewQ308Rwshw==",
      "hasInstallScript": true,
      "license": "SEE LICENSE IN LICENSE",
      "bin": {
        "codesungrab": "cli.js",
        "sungrab": "cli.js"
      }
    }
  }
}
